
Microsoft Visual Studio Solution File, Format Version 12.00
# Visual Studio Version 16
VisualStudioVersion = 16.0.29609.76
MinimumVisualStudioVersion = 15.0.26124.0
Project("{9A19103F-16F7-4668-BE54-9A1E7A4F7556}") = "CloudMovieDatabase", "webapi\CloudMovieDatabase.csproj", "{0ACF489B-3E74-4B9A-9CB8-1B09B0D822B0}"
EndProject
Project("{9A19103F-16F7-4668-BE54-9A1E7A4F7556}") = "CloudMovieDatabase.Tests", "webapi-tests\CloudMovieDatabase.Tests.csproj", "{2B79B80E-34ED-42AE-B56B-C9BF5809C73C}"
EndProject
Project("{2150E333-8FDC-42A3-9474-1A3956D46DE8}") = "Solution Items", "Solution Items", "{EA5BB06C-3431-4CF1-8754-984776DE3A7F}"
	ProjectSection(SolutionItems) = preProject
		create-database.sh = create-database.sh
		README.md = README.md
		setup-readme.txt = setup-readme.txt
	EndProjectSection
EndProject
Global
	GlobalSection(SolutionConfigurationPlatforms) = preSolution
		Debug|Any CPU = Debug|Any CPU
		Debug|x64 = Debug|x64
		Debug|x86 = Debug|x86
		Release|Any CPU = Release|Any CPU
		Release|x64 = Release|x64
		Release|x86 = Release|x86
	EndGlobalSection
	GlobalSection(ProjectConfigurationPlatforms) = postSolution
		{0ACF489B-3E74-4B9A-9CB8-1B09B0D822B0}.Debug|Any CPU.ActiveCfg = Debug|Any CPU
		{0ACF489B-3E74-4B9A-9CB8-1B09B0D822B0}.Debug|Any CPU.Build.0 = Debug|Any CPU
		{0ACF489B-3E74-4B9A-9CB8-1B09B0D822B0}.Debug|x64.ActiveCfg = Debug|Any CPU
		{0ACF489B-3E74-4B9A-9CB8-1B09B0D822B0}.Debug|x64.Build.0 = Debug|Any CPU
		{0ACF489B-3E74-4B9A-9CB8-1B09B0D822B0}.Debug|x86.ActiveCfg = Debug|Any CPU
		{0ACF489B-3E74-4B9A-9CB8-1B09B0D822B0}.Debug|x86.Build.0 = Debug|Any CPU
		{0ACF489B-3E74-4B9A-9CB8-1B09B0D822B0}.Release|Any CPU.ActiveCfg = Release|Any CPU
		{0ACF489B-3E74-4B9A-9CB8-1B09B0D822B0}.Release|Any CPU.Build.0 = Release|Any CPU
		{0ACF489B-3E74-4B9A-9CB8-1B09B0D822B0}.Release|x64.ActiveCfg = Release|Any CPU
		{0ACF489B-3E74-4B9A-9CB8-1B09B0D822B0}.Release|x64.Build.0 = Release|Any CPU
		{0ACF489B-3E74-4B9A-9CB8-1B09B0D822B0}.Release|x86.ActiveCfg = Release|Any CPU
		{0ACF489B-3E74-4B9A-9CB8-1B09B0D822B0}.Release|x86.Build.0 = Release|Any CPU
		{2B79B80E-34ED-42AE-B56B-C9BF5809C73C}.Debug|Any CPU.ActiveCfg = Debug|Any CPU
		{2B79B80E-34ED-42AE-B56B-C9BF5809C73C}.Debug|Any CPU.Build.0 = Debug|Any CPU
		{2B79B80E-34ED-42AE-B56B-C9BF5809C73C}.Debug|x64.ActiveCfg = Debug|Any CPU
		{2B79B80E-34ED-42AE-B56B-C9BF5809C73C}.Debug|x64.Build.0 = Debug|Any CPU
		{2B79B80E-34ED-42AE-B56B-C9BF5809C73C}.Debug|x86.ActiveCfg = Debug|Any CPU
		{2B79B80E-34ED-42AE-B56B-C9BF5809C73C}.Debug|x86.Build.0 = Debug|Any CPU
		{2B79B80E-34ED-42AE-B56B-C9BF5809C73C}.Release|Any CPU.ActiveCfg = Release|Any CPU
		{2B79B80E-34ED-42AE-B56B-C9BF5809C73C}.Release|Any CPU.Build.0 = Release|Any CPU
		{2B79B80E-34ED-42AE-B56B-C9BF5809C73C}.Release|x64.ActiveCfg = Release|Any CPU
		{2B79B80E-34ED-42AE-B56B-C9BF5809C73C}.Release|x64.Build.0 = Release|Any CPU
		{2B79B80E-34ED-42AE-B56B-C9BF5809C73C}.Release|x86.ActiveCfg = Release|Any CPU
		{2B79B80E-34ED-42AE-B56B-C9BF5809C73C}.Release|x86.Build.0 = Release|Any CPU
	EndGlobalSection
	GlobalSection(SolutionProperties) = preSolution
		HideSolutionNode = FALSE
	EndGlobalSection
	GlobalSection(ExtensibilityGlobals) = postSolution
		SolutionGuid = {DEEDADD9-E46A-4B75-893E-802E8F7CCB8F}
	EndGlobalSection
EndGlobal
